
Microsoft Visual Studio Solution File, Format Version 12.00
# Visual Studio Version 17
VisualStudioVersion = 17.0.31912.275
MinimumVisualStudioVersion = 10.0.40219.1
Project("{8BC9CEB8-8B4A-11D0-8D11-00A0C91BC942}") = "Sprite", "Sprite.vcxproj", "{2F036418-E4D4-4193-A3A1-1F09B41708BB}"
EndProject
Global
	GlobalSection(SolutionConfigurationPlatforms) = preSolution
		Debug|x64 = Debug|x64
		Debug|x86 = Debug|x86
		Release|x64 = Release|x64
		Release|x86 = Release|x86
	EndGlobalSection
	GlobalSection(ProjectConfigurationPlatforms) = postSolution
		{2F036418-E4D4-4193-A3A1-1F09B41708BB}.Debug|x64.ActiveCfg = Debug|x64
		{2F036418-E4D4-4193-A3A1-1F09B41708BB}.Debug|x64.Build.0 = Debug|x64
		{2F036418-E4D4-4193-A3A1-1F09B41708BB}.Debug|x86.ActiveCfg = Debug|Win32
		{2F036418-E4D4-4193-A3A1-1F09B41708BB}.Debug|x86.Build.0 = Debug|Win32
		{2F036418-E4D4-4193-A3A1-1F09B41708BB}.Release|x64.ActiveCfg = Release|x64
		{2F036418-E4D4-4193-A3A1-1F09B41708BB}.Release|x64.Build.0 = Release|x64
		{2F036418-E4D4-4193-A3A1-1F09B41708BB}.Release|x86.ActiveCfg = Release|Win32
		{2F036418-E4D4-4193-A3A1-1F09B41708BB}.Release|x86.Build.0 = Release|Win32
	EndGlobalSection
	GlobalSection(SolutionProperties) = preSolution
		HideSolutionNode = FALSE
	EndGlobalSection
	GlobalSection(ExtensibilityGlobals) = postSolution
		SolutionGuid = {A59ACF11-D9B3-4278-AF25-DDAF40E746A1}
	EndGlobalSection
EndGlobal
